
Microsoft Visual Studio Solution File, Format Version 12.00
# Visual Studio Version 18
VisualStudioVersion = 18.0.11217.181
MinimumVisualStudioVersion = 10.0.40219.1
Project("{9A19103F-16F7-4668-BE54-9A1E7A4F7556}") = "SciChainLib", "..\SciChainLib\SciChainLib.csproj", "{93CA529F-2DC5-44D6-B3ED-FBFD2C46FFB3}"
EndProject
Project("{9A19103F-16F7-4668-BE54-9A1E7A4F7556}") = "SciChainWallet", "..\SciChainWallet\SciChainWallet.csproj", "{651F48BE-584C-4C62-9DD0-BCF47512D94B}"
EndProject
Project("{FAE04EC0-301F-11D3-BF4B-00C04F79EFBC}") = "SciChainServer", "..\SciChainServer\SciChainServer.csproj", "{B7A4CA62-6FF3-9509-567F-9AC929DDDDBE}"
EndProject
Project("{FAE04EC0-301F-11D3-BF4B-00C04F79EFBC}") = "SciChain", "SciChain.csproj", "{A5F65196-E616-9571-B192-0208C4E5713F}"
EndProject
Global
	GlobalSection(SolutionConfigurationPlatforms) = preSolution
		Debug|Any CPU = Debug|Any CPU
		Release|Any CPU = Release|Any CPU
	EndGlobalSection
	GlobalSection(ProjectConfigurationPlatforms) = postSolution
		{93CA529F-2DC5-44D6-B3ED-FBFD2C46FFB3}.Debug|Any CPU.ActiveCfg = Debug|Any CPU
		{93CA529F-2DC5-44D6-B3ED-FBFD2C46FFB3}.Debug|Any CPU.Build.0 = Debug|Any CPU
		{93CA529F-2DC5-44D6-B3ED-FBFD2C46FFB3}.Release|Any CPU.ActiveCfg = Release|Any CPU
		{93CA529F-2DC5-44D6-B3ED-FBFD2C46FFB3}.Release|Any CPU.Build.0 = Release|Any CPU
		{651F48BE-584C-4C62-9DD0-BCF47512D94B}.Debug|Any CPU.ActiveCfg = Debug|Any CPU
		{651F48BE-584C-4C62-9DD0-BCF47512D94B}.Debug|Any CPU.Build.0 = Debug|Any CPU
		{651F48BE-584C-4C62-9DD0-BCF47512D94B}.Release|Any CPU.ActiveCfg = Release|Any CPU
		{651F48BE-584C-4C62-9DD0-BCF47512D94B}.Release|Any CPU.Build.0 = Release|Any CPU
		{B7A4CA62-6FF3-9509-567F-9AC929DDDDBE}.Debug|Any CPU.ActiveCfg = Debug|Any CPU
		{B7A4CA62-6FF3-9509-567F-9AC929DDDDBE}.Debug|Any CPU.Build.0 = Debug|Any CPU
		{B7A4CA62-6FF3-9509-567F-9AC929DDDDBE}.Release|Any CPU.ActiveCfg = Release|Any CPU
		{B7A4CA62-6FF3-9509-567F-9AC929DDDDBE}.Release|Any CPU.Build.0 = Release|Any CPU
		{A5F65196-E616-9571-B192-0208C4E5713F}.Debug|Any CPU.ActiveCfg = Debug|Any CPU
		{A5F65196-E616-9571-B192-0208C4E5713F}.Debug|Any CPU.Build.0 = Debug|Any CPU
		{A5F65196-E616-9571-B192-0208C4E5713F}.Release|Any CPU.ActiveCfg = Release|Any CPU
		{A5F65196-E616-9571-B192-0208C4E5713F}.Release|Any CPU.Build.0 = Release|Any CPU
	EndGlobalSection
	GlobalSection(SolutionProperties) = preSolution
		HideSolutionNode = FALSE
	EndGlobalSection
	GlobalSection(ExtensibilityGlobals) = postSolution
		SolutionGuid = {33C86CC7-B041-4E71-A064-40EDFCBBBB53}
	EndGlobalSection
EndGlobal
